
Microsoft Visual Studio Solution File, Format Version 12.00
# Visual Studio Version 16
VisualStudioVersion = 16.0.30204.135
MinimumVisualStudioVersion = 10.0.40219.1
Project("{888888A0-9F3D-457C-B088-3A5042F75D52}") = "VirgisPlants", "VirgisPlants\VirgisPlants.pyproj", "{1F67A7BF-7E6E-49FA-944C-CF399B213200}"
EndProject
Global
	GlobalSection(SolutionConfigurationPlatforms) = preSolution
		Debug|Any CPU = Debug|Any CPU
		Release|Any CPU = Release|Any CPU
	EndGlobalSection
	GlobalSection(ProjectConfigurationPlatforms) = postSolution
		{1F67A7BF-7E6E-49FA-944C-CF399B213200}.Debug|Any CPU.ActiveCfg = Debug|Any CPU
		{1F67A7BF-7E6E-49FA-944C-CF399B213200}.Debug|Any CPU.Build.0 = Debug|Any CPU
		{1F67A7BF-7E6E-49FA-944C-CF399B213200}.Release|Any CPU.ActiveCfg = Release|Any CPU
		{1F67A7BF-7E6E-49FA-944C-CF399B213200}.Release|Any CPU.Build.0 = Release|Any CPU
	EndGlobalSection
	GlobalSection(SolutionProperties) = preSolution
		HideSolutionNode = FALSE
	EndGlobalSection
	GlobalSection(ExtensibilityGlobals) = postSolution
		SolutionGuid = {510922AF-1B5C-4DE5-8879-EEB09569274D}
	EndGlobalSection
EndGlobal
